
Microsoft Visual Studio Solution File, Format Version 11.00
# Visual Studio 2010
Project("{2150E333-8FDC-42A3-9474-1A3956D46DE8}") = "Solution Items", "Solution Items", "{DCB02836-C734-4601-BF78-99961B465974}"
EndProject
Project("{FAE04EC0-301F-11D3-BF4B-00C04F79EFBC}") = "DrivenMetrics", "Core\DrivenMetrics.csproj", "{E25161E9-6DEF-400D-9882-B99D8A7C36C8}"
EndProject
Project("{FAE04EC0-301F-11D3-BF4B-00C04F79EFBC}") = "Mono.Cecil.Extensions", "Mono.Cecil.Extensions\Mono.Cecil.Extensions.csproj", "{2D970FBC-977C-4B5E-B347-2DF0F92E3BEC}"
EndProject
Project("{FAE04EC0-301F-11D3-BF4B-00C04F79EFBC}") = "DrivenMetric.UI.Console", "DrivenMetric.UI.Console\DrivenMetric.UI.Console.csproj", "{2A7BCA06-785B-4F2D-93D0-D9417D1F7691}"
EndProject
Project("{FAE04EC0-301F-11D3-BF4B-00C04F79EFBC}") = "DrivenMetrics.Tests", "DrivenMetrics.Tests\DrivenMetrics.Tests.csproj", "{2001877F-3977-480E-BB68-77FEAC776AB5}"
EndProject
Global
	GlobalSection(SolutionConfigurationPlatforms) = preSolution
		Debug|Any CPU = Debug|Any CPU
		Release|Any CPU = Release|Any CPU
	EndGlobalSection
	GlobalSection(ProjectConfigurationPlatforms) = postSolution
		{E25161E9-6DEF-400D-9882-B99D8A7C36C8}.Debug|Any CPU.ActiveCfg = Debug|Any CPU
		{E25161E9-6DEF-400D-9882-B99D8A7C36C8}.Debug|Any CPU.Build.0 = Debug|Any CPU
		{E25161E9-6DEF-400D-9882-B99D8A7C36C8}.Release|Any CPU.ActiveCfg = Release|Any CPU
		{E25161E9-6DEF-400D-9882-B99D8A7C36C8}.Release|Any CPU.Build.0 = Release|Any CPU
		{2D970FBC-977C-4B5E-B347-2DF0F92E3BEC}.Debug|Any CPU.ActiveCfg = Debug|Any CPU
		{2D970FBC-977C-4B5E-B347-2DF0F92E3BEC}.Debug|Any CPU.Build.0 = Debug|Any CPU
		{2D970FBC-977C-4B5E-B347-2DF0F92E3BEC}.Release|Any CPU.ActiveCfg = Release|Any CPU
		{2D970FBC-977C-4B5E-B347-2DF0F92E3BEC}.Release|Any CPU.Build.0 = Release|Any CPU
		{2A7BCA06-785B-4F2D-93D0-D9417D1F7691}.Debug|Any CPU.ActiveCfg = Debug|Any CPU
		{2A7BCA06-785B-4F2D-93D0-D9417D1F7691}.Debug|Any CPU.Build.0 = Debug|Any CPU
		{2A7BCA06-785B-4F2D-93D0-D9417D1F7691}.Release|Any CPU.ActiveCfg = Release|Any CPU
		{2A7BCA06-785B-4F2D-93D0-D9417D1F7691}.Release|Any CPU.Build.0 = Release|Any CPU
		{2001877F-3977-480E-BB68-77FEAC776AB5}.Debug|Any CPU.ActiveCfg = Debug|Any CPU
		{2001877F-3977-480E-BB68-77FEAC776AB5}.Debug|Any CPU.Build.0 = Debug|Any CPU
		{2001877F-3977-480E-BB68-77FEAC776AB5}.Release|Any CPU.ActiveCfg = Release|Any CPU
		{2001877F-3977-480E-BB68-77FEAC776AB5}.Release|Any CPU.Build.0 = Release|Any CPU
	EndGlobalSection
	GlobalSection(SolutionProperties) = preSolution
		HideSolutionNode = FALSE
	EndGlobalSection
	GlobalSection(MonoDevelopProperties) = preSolution
		StartupItem = DrivenMetric.UI.Console\DrivenMetric.UI.Console.csproj
		Policies = $0
		$0.DotNetNamingPolicy = $1
		$1.DirectoryNamespaceAssociation = None
		$1.ResourceNamePolicy = FileFormatDefault
		$0.StandardHeader = $2
		$2.Text = 
		$2.inheritsSet = MITX11License
		$0.VersionControlPolicy = $3
		$3.inheritsSet = Mono
		$0.ChangeLogPolicy = $4
		$4.UpdateMode = None
		$4.MessageStyle = $5
		$5.LineAlign = 0
		$4.inheritsSet = Mono
	EndGlobalSection
EndGlobal
